{"1.2.0",
[{<<"fs">>,{pkg,<<"fs">>,<<"6.1.1">>},1},
 {<<"sync">>,{pkg,<<"sync">>,<<"0.2.0">>},0}]}.
[
{pkg_hash,[
 {<<"fs">>, <<"9D147B944D60CFA48A349F12D06C8EE71128F610C90870BDF9A6773206452ED0">>},
 {<<"sync">>, <<"0F9A488CCDDEA1F6D4010A220C5FCEAF229EF2C4CB37890D9A384464769F50D3">>}]},
{pkg_hash_ext,[
 {<<"fs">>, <<"EF94E95FFE79916860649FED80AC62B04C322B0BB70F5128144C026B4D171F8B">>},
 {<<"sync">>, <<"13D922B9719B491C39A0DCB0717640FD3027C9C84D6A53A28C1EE24B3A128350">>}]}
].
