{"1.2.0",
[{<<"fs">>,{pkg,<<"fs">>,<<"6.1.1">>},1},
 {<<"meck">>,{pkg,<<"meck">>,<<"0.9.0">>},0},
 {<<"proper">>,{pkg,<<"proper">>,<<"1.3.0">>},0},
 {<<"sync">>,{pkg,<<"sync">>,<<"0.2.0">>},0}]}.
[
{pkg_hash,[
 {<<"fs">>, <<"9D147B944D60CFA48A349F12D06C8EE71128F610C90870BDF9A6773206452ED0">>},
 {<<"meck">>, <<"CB40C223CF403DB2D09DEF59D32D3682074EBECCEB64F3E6F6C4477458DF124D">>},
 {<<"proper">>, <<"C1ACD51C51DA17A2FE91D7A6FC6A0C25A6A9849D8DC77093533109D1218D8457">>},
 {<<"sync">>, <<"0F9A488CCDDEA1F6D4010A220C5FCEAF229EF2C4CB37890D9A384464769F50D3">>}]},
{pkg_hash_ext,[
 {<<"fs">>, <<"EF94E95FFE79916860649FED80AC62B04C322B0BB70F5128144C026B4D171F8B">>},
 {<<"meck">>, <<"F813E90DD0B89B2516A0201A355E84B1ABC78B5751AA0CBF669A9D85A810AC63">>},
 {<<"proper">>, <<"4AA192FCCDDD03FDBE50FEF620BE9D4D2F92635B54F55FB83AEC185994403CBC">>},
 {<<"sync">>, <<"13D922B9719B491C39A0DCB0717640FD3027C9C84D6A53A28C1EE24B3A128350">>}]}
].
